
Microsoft Visual Studio Solution File, Format Version 12.00
# Visual Studio Version 17
VisualStudioVersion = 17.9.34723.18
MinimumVisualStudioVersion = 10.0.40219.1
Project("{9A19103F-16F7-4668-BE54-9A1E7A4F7556}") = "Webatrio.Employee.Api", "Webatrio.Employee.Api.csproj", "{104FD128-6A6A-435C-AA81-65D6C447EAB4}"
EndProject
Project("{9A19103F-16F7-4668-BE54-9A1E7A4F7556}") = "Webatrio.Employee.Services", "..\Webatrio.Employee.Services\Webatrio.Employee.Services.csproj", "{7F3B3951-EAAB-443A-94FC-67D5AD924460}"
EndProject
Project("{FAE04EC0-301F-11D3-BF4B-00C04F79EFBC}") = "Webatrio.Employee.Core", "..\Webatrio.Employee.Entities\Webatrio.Employee.Core.csproj", "{CC71A92B-10F4-4725-BEC5-7B923F73001B}"
EndProject
Project("{FAE04EC0-301F-11D3-BF4B-00C04F79EFBC}") = "Webatrio.Employee.Services.Test", "..\Webatrio.Employee.Services.Test\Webatrio.Employee.Services.Test.csproj", "{F745B0F6-6C56-49FB-9E8A-0F0166B4C0EB}"
EndProject
Global
	GlobalSection(SolutionConfigurationPlatforms) = preSolution
		Debug|Any CPU = Debug|Any CPU
		Release|Any CPU = Release|Any CPU
	EndGlobalSection
	GlobalSection(ProjectConfigurationPlatforms) = postSolution
		{104FD128-6A6A-435C-AA81-65D6C447EAB4}.Debug|Any CPU.ActiveCfg = Debug|Any CPU
		{104FD128-6A6A-435C-AA81-65D6C447EAB4}.Debug|Any CPU.Build.0 = Debug|Any CPU
		{104FD128-6A6A-435C-AA81-65D6C447EAB4}.Release|Any CPU.ActiveCfg = Release|Any CPU
		{104FD128-6A6A-435C-AA81-65D6C447EAB4}.Release|Any CPU.Build.0 = Release|Any CPU
		{7F3B3951-EAAB-443A-94FC-67D5AD924460}.Debug|Any CPU.ActiveCfg = Debug|Any CPU
		{7F3B3951-EAAB-443A-94FC-67D5AD924460}.Debug|Any CPU.Build.0 = Debug|Any CPU
		{7F3B3951-EAAB-443A-94FC-67D5AD924460}.Release|Any CPU.ActiveCfg = Release|Any CPU
		{7F3B3951-EAAB-443A-94FC-67D5AD924460}.Release|Any CPU.Build.0 = Release|Any CPU
		{CC71A92B-10F4-4725-BEC5-7B923F73001B}.Debug|Any CPU.ActiveCfg = Debug|Any CPU
		{CC71A92B-10F4-4725-BEC5-7B923F73001B}.Debug|Any CPU.Build.0 = Debug|Any CPU
		{CC71A92B-10F4-4725-BEC5-7B923F73001B}.Release|Any CPU.ActiveCfg = Release|Any CPU
		{CC71A92B-10F4-4725-BEC5-7B923F73001B}.Release|Any CPU.Build.0 = Release|Any CPU
		{F745B0F6-6C56-49FB-9E8A-0F0166B4C0EB}.Debug|Any CPU.ActiveCfg = Debug|Any CPU
		{F745B0F6-6C56-49FB-9E8A-0F0166B4C0EB}.Debug|Any CPU.Build.0 = Debug|Any CPU
		{F745B0F6-6C56-49FB-9E8A-0F0166B4C0EB}.Release|Any CPU.ActiveCfg = Release|Any CPU
		{F745B0F6-6C56-49FB-9E8A-0F0166B4C0EB}.Release|Any CPU.Build.0 = Release|Any CPU
	EndGlobalSection
	GlobalSection(SolutionProperties) = preSolution
		HideSolutionNode = FALSE
	EndGlobalSection
	GlobalSection(ExtensibilityGlobals) = postSolution
		SolutionGuid = {8164E139-5582-4DEE-8481-315ECC153E06}
	EndGlobalSection
EndGlobal
